// !$*UTF8*$!
{
	archiveVersion = 1;
	classes = {
	};
	objectVersion = 46;
	objects = {

/* Begin PBXBuildFile section */
		B27557F518304AD2009FB1EC /* Foundation.framework in Frameworks */ = {isa = PBXBuildFile; fileRef = B27557F418304AD2009FB1EC /* Foundation.framework */; };
		B27557F718304AD2009FB1EC /* CoreGraphics.framework in Frameworks */ = {isa = PBXBuildFile; fileRef = B27557F618304AD2009FB1EC /* CoreGraphics.framework */; };
		B27557F918304AD2009FB1EC /* UIKit.framework in Frameworks */ = {isa = PBXBuildFile; fileRef = B27557F818304AD2009FB1EC /* UIKit.framework */; };
		B27557FF18304AD2009FB1EC /* InfoPlist.strings in Resources */ = {isa = PBXBuildFile; fileRef = B27557FD18304AD2009FB1EC /* InfoPlist.strings */; };
		B275580118304AD2009FB1EC /* main.m in Sources */ = {isa = PBXBuildFile; fileRef = B275580018304AD2009FB1EC /* main.m */; };
		B275580518304AD2009FB1EC /* AppDelegate.m in Sources */ = {isa = PBXBuildFile; fileRef = B275580418304AD2009FB1EC /* AppDelegate.m */; };
		B275580818304AD2009FB1EC /* Main.storyboard in Resources */ = {isa = PBXBuildFile; fileRef = B275580618304AD2009FB1EC /* Main.storyboard */; };
		B275580B18304AD2009FB1EC /* ViewController.m in Sources */ = {isa = PBXBuildFile; fileRef = B275580A18304AD2009FB1EC /* ViewController.m */; };
		B275580D18304AD2009FB1EC /* Images.xcassets in Resources */ = {isa = PBXBuildFile; fileRef = B275580C18304AD2009FB1EC /* Images.xcassets */; };
		B275581418304AD2009FB1EC /* XCTest.framework in Frameworks */ = {isa = PBXBuildFile; fileRef = B275581318304AD2009FB1EC /* XCTest.framework */; };
		B275581518304AD2009FB1EC /* Foundation.framework in Frameworks */ = {isa = PBXBuildFile; fileRef = B27557F418304AD2009FB1EC /* Foundation.framework */; };
		B275581618304AD2009FB1EC /* UIKit.framework in Frameworks */ = {isa = PBXBuildFile; fileRef = B27557F818304AD2009FB1EC /* UIKit.framework */; };
		B275581E18304AD2009FB1EC /* InfoPlist.strings in Resources */ = {isa = PBXBuildFile; fileRef = B275581C18304AD2009FB1EC /* InfoPlist.strings */; };
		B275582018304AD3009FB1EC /* OuSuisJeTests.m in Sources */ = {isa = PBXBuildFile; fileRef = B275581F18304AD3009FB1EC /* OuSuisJeTests.m */; };
		B275582A18304C61009FB1EC /* CoreLocation.framework in Frameworks */ = {isa = PBXBuildFile; fileRef = B275582918304C61009FB1EC /* CoreLocation.framework */; };
/* End PBXBuildFile section */

/* Begin PBXContainerItemProxy section */
		B275581718304AD2009FB1EC /* PBXContainerItemProxy */ = {
			isa = PBXContainerItemProxy;
			containerPortal = B27557E918304AD2009FB1EC /* Project object */;
			proxyType = 1;
			remoteGlobalIDString = B27557F018304AD2009FB1EC;
			remoteInfo = OuSuisJe;
		};
/* End PBXContainerItemProxy section */

/* Begin PBXFileReference section */
		B27557F118304AD2009FB1EC /* OuSuisJe.app */ = {isa = PBXFileReference; explicitFileType = wrapper.application; includeInIndex = 0; path = OuSuisJe.app; sourceTree = BUILT_PRODUCTS_DIR; };
		B27557F418304AD2009FB1EC /* Foundation.framework */ = {isa = PBXFileReference; lastKnownFileType = wrapper.framework; name = Foundation.framework; path = System/Library/Frameworks/Foundation.framework; sourceTree = SDKROOT; };
		B27557F618304AD2009FB1EC /* CoreGraphics.framework */ = {isa = PBXFileReference; lastKnownFileType = wrapper.framework; name = CoreGraphics.framework; path = System/Library/Frameworks/CoreGraphics.framework; sourceTree = SDKROOT; };
		B27557F818304AD2009FB1EC /* UIKit.framework */ = {isa = PBXFileReference; lastKnownFileType = wrapper.framework; name = UIKit.framework; path = System/Library/Frameworks/UIKit.framework; sourceTree = SDKROOT; };
		B27557FC18304AD2009FB1EC /* OuSuisJe-Info.plist */ = {isa = PBXFileReference; lastKnownFileType = text.plist.xml; path = "OuSuisJe-Info.plist"; sourceTree = "<group>"; };
		B27557FE18304AD2009FB1EC /* en */ = {isa = PBXFileReference; lastKnownFileType = text.plist.strings; name = en; path = en.lproj/InfoPlist.strings; sourceTree = "<group>"; };
		B275580018304AD2009FB1EC /* main.m */ = {isa = PBXFileReference; lastKnownFileType = sourcecode.c.objc; path = main.m; sourceTree = "<group>"; };
		B275580218304AD2009FB1EC /* OuSuisJe-Prefix.pch */ = {isa = PBXFileReference; lastKnownFileType = sourcecode.c.h; path = "OuSuisJe-Prefix.pch"; sourceTree = "<group>"; };
		B275580318304AD2009FB1EC /* AppDelegate.h */ = {isa = PBXFileReference; lastKnownFileType = sourcecode.c.h; path = AppDelegate.h; sourceTree = "<group>"; };
		B275580418304AD2009FB1EC /* AppDelegate.m */ = {isa = PBXFileReference; lastKnownFileType = sourcecode.c.objc; path = AppDelegate.m; sourceTree = "<group>"; };
		B275580718304AD2009FB1EC /* Base */ = {isa = PBXFileReference; lastKnownFileType = file.storyboard; name = Base; path = Base.lproj/Main.storyboard; sourceTree = "<group>"; };
		B275580918304AD2009FB1EC /* ViewController.h */ = {isa = PBXFileReference; lastKnownFileType = sourcecode.c.h; path = ViewController.h; sourceTree = "<group>"; };
		B275580A18304AD2009FB1EC /* ViewController.m */ = {isa = PBXFileReference; lastKnownFileType = sourcecode.c.objc; path = ViewController.m; sourceTree = "<group>"; };
		B275580C18304AD2009FB1EC /* Images.xcassets */ = {isa = PBXFileReference; lastKnownFileType = folder.assetcatalog; path = Images.xcassets; sourceTree = "<group>"; };
		B275581218304AD2009FB1EC /* OuSuisJeTests.xctest */ = {isa = PBXFileReference; explicitFileType = wrapper.cfbundle; includeInIndex = 0; path = OuSuisJeTests.xctest; sourceTree = BUILT_PRODUCTS_DIR; };
		B275581318304AD2009FB1EC /* XCTest.framework */ = {isa = PBXFileReference; lastKnownFileType = wrapper.framework; name = XCTest.framework; path = Library/Frameworks/XCTest.framework; sourceTree = DEVELOPER_DIR; };
		B275581B18304AD2009FB1EC /* OuSuisJeTests-Info.plist */ = {isa = PBXFileReference; lastKnownFileType = text.plist.xml; path = "OuSuisJeTests-Info.plist"; sourceTree = "<group>"; };
		B275581D18304AD2009FB1EC /* en */ = {isa = PBXFileReference; lastKnownFileType = text.plist.strings; name = en; path = en.lproj/InfoPlist.strings; sourceTree = "<group>"; };
		B275581F18304AD3009FB1EC /* OuSuisJeTests.m */ = {isa = PBXFileReference; lastKnownFileType = sourcecode.c.objc; path = OuSuisJeTests.m; sourceTree = "<group>"; };
		B275582918304C61009FB1EC /* CoreLocation.framework */ = {isa = PBXFileReference; lastKnownFileType = wrapper.framework; name = CoreLocation.framework; path = System/Library/Frameworks/CoreLocation.framework; sourceTree = SDKROOT; };
/* End PBXFileReference section */

/* Begin PBXFrameworksBuildPhase section */
		B27557EE18304AD2009FB1EC /* Frameworks */ = {
			isa = PBXFrameworksBuildPhase;
			buildActionMask = 2147483647;
			files = (
				B275582A18304C61009FB1EC /* CoreLocation.framework in Frameworks */,
				B27557F718304AD2009FB1EC /* CoreGraphics.framework in Frameworks */,
				B27557F918304AD2009FB1EC /* UIKit.framework in Frameworks */,
				B27557F518304AD2009FB1EC /* Foundation.framework in Frameworks */,
			);
			runOnlyForDeploymentPostprocessing = 0;
		};
		B275580F18304AD2009FB1EC /* Frameworks */ = {
			isa = PBXFrameworksBuildPhase;
			buildActionMask = 2147483647;
			files = (
				B275581418304AD2009FB1EC /* XCTest.framework in Frameworks */,
				B275581618304AD2009FB1EC /* UIKit.framework in Frameworks */,
				B275581518304AD2009FB1EC /* Foundation.framework in Frameworks */,
			);
			runOnlyForDeploymentPostprocessing = 0;
		};
/* End PBXFrameworksBuildPhase section */

/* Begin PBXGroup section */
		B27557E818304AD2009FB1EC = {
			isa = PBXGroup;
			children = (
				B27557FA18304AD2009FB1EC /* OuSuisJe */,
				B275581918304AD2009FB1EC /* OuSuisJeTests */,
				B27557F318304AD2009FB1EC /* Frameworks */,
				B27557F218304AD2009FB1EC /* Products */,
			);
			sourceTree = "<group>";
		};
		B27557F218304AD2009FB1EC /* Products */ = {
			isa = PBXGroup;
			children = (
				B27557F118304AD2009FB1EC /* OuSuisJe.app */,
				B275581218304AD2009FB1EC /* OuSuisJeTests.xctest */,
			);
			name = Products;
			sourceTree = "<group>";
		};
		B27557F318304AD2009FB1EC /* Frameworks */ = {
			isa = PBXGroup;
			children = (
				B275582918304C61009FB1EC /* CoreLocation.framework */,
				B27557F418304AD2009FB1EC /* Foundation.framework */,
				B27557F618304AD2009FB1EC /* CoreGraphics.framework */,
				B27557F818304AD2009FB1EC /* UIKit.framework */,
				B275581318304AD2009FB1EC /* XCTest.framework */,
			);
			name = Frameworks;
			sourceTree = "<group>";
		};
		B27557FA18304AD2009FB1EC /* OuSuisJe */ = {
			isa = PBXGroup;
			children = (
				B275580318304AD2009FB1EC /* AppDelegate.h */,
				B275580418304AD2009FB1EC /* AppDelegate.m */,
				B275580618304AD2009FB1EC /* Main.storyboard */,
				B275580918304AD2009FB1EC /* ViewController.h */,
				B275580A18304AD2009FB1EC /* ViewController.m */,
				B275580C18304AD2009FB1EC /* Images.xcassets */,
				B27557FB18304AD2009FB1EC /* Supporting Files */,
			);
			path = OuSuisJe;
			sourceTree = "<group>";
		};
		B27557FB18304AD2009FB1EC /* Supporting Files */ = {
			isa = PBXGroup;
			children = (
				B27557FC18304AD2009FB1EC /* OuSuisJe-Info.plist */,
				B27557FD18304AD2009FB1EC /* InfoPlist.strings */,
				B275580018304AD2009FB1EC /* main.m */,
				B275580218304AD2009FB1EC /* OuSuisJe-Prefix.pch */,
			);
			name = "Supporting Files";
			sourceTree = "<group>";
		};
		B275581918304AD2009FB1EC /* OuSuisJeTests */ = {
			isa = PBXGroup;
			children = (
				B275581F18304AD3009FB1EC /* OuSuisJeTests.m */,
				B275581A18304AD2009FB1EC /* Supporting Files */,
			);
			path = OuSuisJeTests;
			sourceTree = "<group>";
		};
		B275581A18304AD2009FB1EC /* Supporting Files */ = {
			isa = PBXGroup;
			children = (
				B275581B18304AD2009FB1EC /* OuSuisJeTests-Info.plist */,
				B275581C18304AD2009FB1EC /* InfoPlist.strings */,
			);
			name = "Supporting Files";
			sourceTree = "<group>";
		};
/* End PBXGroup section */

/* Begin PBXNativeTarget section */
		B27557F018304AD2009FB1EC /* OuSuisJe */ = {
			isa = PBXNativeTarget;
			buildConfigurationList = B275582318304AD3009FB1EC /* Build configuration list for PBXNativeTarget "OuSuisJe" */;
			buildPhases = (
				B27557ED18304AD2009FB1EC /* Sources */,
				B27557EE18304AD2009FB1EC /* Frameworks */,
				B27557EF18304AD2009FB1EC /* Resources */,
			);
			buildRules = (
			);
			dependencies = (
			);
			name = OuSuisJe;
			productName = OuSuisJe;
			productReference = B27557F118304AD2009FB1EC /* OuSuisJe.app */;
			productType = "com.apple.product-type.application";
		};
		B275581118304AD2009FB1EC /* OuSuisJeTests */ = {
			isa = PBXNativeTarget;
			buildConfigurationList = B275582618304AD3009FB1EC /* Build configuration list for PBXNativeTarget "OuSuisJeTests" */;
			buildPhases = (
				B275580E18304AD2009FB1EC /* Sources */,
				B275580F18304AD2009FB1EC /* Frameworks */,
				B275581018304AD2009FB1EC /* Resources */,
			);
			buildRules = (
			);
			dependencies = (
				B275581818304AD2009FB1EC /* PBXTargetDependency */,
			);
			name = OuSuisJeTests;
			productName = OuSuisJeTests;
			productReference = B275581218304AD2009FB1EC /* OuSuisJeTests.xctest */;
			productType = "com.apple.product-type.bundle.unit-test";
		};
/* End PBXNativeTarget section */

/* Begin PBXProject section */
		B27557E918304AD2009FB1EC /* Project object */ = {
			isa = PBXProject;
			attributes = {
				LastUpgradeCheck = 0500;
				ORGANIZATIONNAME = "Alain Malenfant";
				TargetAttributes = {
					B275581118304AD2009FB1EC = {
						TestTargetID = B27557F018304AD2009FB1EC;
					};
				};
			};
			buildConfigurationList = B27557EC18304AD2009FB1EC /* Build configuration list for PBXProject "OuSuisJe" */;
			compatibilityVersion = "Xcode 3.2";
			developmentRegion = English;
			hasScannedForEncodings = 0;
			knownRegions = (
				en,
				Base,
			);
			mainGroup = B27557E818304AD2009FB1EC;
			productRefGroup = B27557F218304AD2009FB1EC /* Products */;
			projectDirPath = "";
			projectRoot = "";
			targets = (
				B27557F018304AD2009FB1EC /* OuSuisJe */,
				B275581118304AD2009FB1EC /* OuSuisJeTests */,
			);
		};
/* End PBXProject section */

/* Begin PBXResourcesBuildPhase section */
		B27557EF18304AD2009FB1EC /* Resources */ = {
			isa = PBXResourcesBuildPhase;
			buildActionMask = 2147483647;
			files = (
				B275580D18304AD2009FB1EC /* Images.xcassets in Resources */,
				B27557FF18304AD2009FB1EC /* InfoPlist.strings in Resources */,
				B275580818304AD2009FB1EC /* Main.storyboard in Resources */,
			);
			runOnlyForDeploymentPostprocessing = 0;
		};
		B275581018304AD2009FB1EC /* Resources */ = {
			isa = PBXResourcesBuildPhase;
			buildActionMask = 2147483647;
			files = (
				B275581E18304AD2009FB1EC /* InfoPlist.strings in Resources */,
			);
			runOnlyForDeploymentPostprocessing = 0;
		};
/* End PBXResourcesBuildPhase section */

/* Begin PBXSourcesBuildPhase section */
		B27557ED18304AD2009FB1EC /* Sources */ = {
			isa = PBXSourcesBuildPhase;
			buildActionMask = 2147483647;
			files = (
				B275580B18304AD2009FB1EC /* ViewController.m in Sources */,
				B275580518304AD2009FB1EC /* AppDelegate.m in Sources */,
				B275580118304AD2009FB1EC /* main.m in Sources */,
			);
			runOnlyForDeploymentPostprocessing = 0;
		};
		B275580E18304AD2009FB1EC /* Sources */ = {
			isa = PBXSourcesBuildPhase;
			buildActionMask = 2147483647;
			files = (
				B275582018304AD3009FB1EC /* OuSuisJeTests.m in Sources */,
			);
			runOnlyForDeploymentPostprocessing = 0;
		};
/* End PBXSourcesBuildPhase section */

/* Begin PBXTargetDependency section */
		B275581818304AD2009FB1EC /* PBXTargetDependency */ = {
			isa = PBXTargetDependency;
			target = B27557F018304AD2009FB1EC /* OuSuisJe */;
			targetProxy = B275581718304AD2009FB1EC /* PBXContainerItemProxy */;
		};
/* End PBXTargetDependency section */

/* Begin PBXVariantGroup section */
		B27557FD18304AD2009FB1EC /* InfoPlist.strings */ = {
			isa = PBXVariantGroup;
			children = (
				B27557FE18304AD2009FB1EC /* en */,
			);
			name = InfoPlist.strings;
			sourceTree = "<group>";
		};
		B275580618304AD2009FB1EC /* Main.storyboard */ = {
			isa = PBXVariantGroup;
			children = (
				B275580718304AD2009FB1EC /* Base */,
			);
			name = Main.storyboard;
			sourceTree = "<group>";
		};
		B275581C18304AD2009FB1EC /* InfoPlist.strings */ = {
			isa = PBXVariantGroup;
			children = (
				B275581D18304AD2009FB1EC /* en */,
			);
			name = InfoPlist.strings;
			sourceTree = "<group>";
		};
/* End PBXVariantGroup section */

/* Begin XCBuildConfiguration section */
		B275582118304AD3009FB1EC /* Debug */ = {
			isa = XCBuildConfiguration;
			buildSettings = {
				ALWAYS_SEARCH_USER_PATHS = NO;
				ARCHS = "$(ARCHS_STANDARD_INCLUDING_64_BIT)";
				CLANG_CXX_LANGUAGE_STANDARD = "gnu++0x";
				CLANG_CXX_LIBRARY = "libc++";
				CLANG_ENABLE_MODULES = YES;
				CLANG_ENABLE_OBJC_ARC = YES;
				CLANG_WARN_BOOL_CONVERSION = YES;
				CLANG_WARN_CONSTANT_CONVERSION = YES;
				CLANG_WARN_DIRECT_OBJC_ISA_USAGE = YES_ERROR;
				CLANG_WARN_EMPTY_BODY = YES;
				CLANG_WARN_ENUM_CONVERSION = YES;
				CLANG_WARN_INT_CONVERSION = YES;
				CLANG_WARN_OBJC_ROOT_CLASS = YES_ERROR;
				CLANG_WARN__DUPLICATE_METHOD_MATCH = YES;
				"CODE_SIGN_IDENTITY[sdk=iphoneos*]" = "iPhone Developer";
				COPY_PHASE_STRIP = NO;
				GCC_C_LANGUAGE_STANDARD = gnu99;
				GCC_DYNAMIC_NO_PIC = NO;
				GCC_OPTIMIZATION_LEVEL = 0;
				GCC_PREPROCESSOR_DEFINITIONS = (
					"DEBUG=1",
					"$(inherited)",
				);
				GCC_SYMBOLS_PRIVATE_EXTERN = NO;
				GCC_WARN_64_TO_32_BIT_CONVERSION = YES;
				GCC_WARN_ABOUT_RETURN_TYPE = YES_ERROR;
				GCC_WARN_UNDECLARED_SELECTOR = YES;
				GCC_WARN_UNINITIALIZED_AUTOS = YES;
				GCC_WARN_UNUSED_FUNCTION = YES;
				GCC_WARN_UNUSED_VARIABLE = YES;
				IPHONEOS_DEPLOYMENT_TARGET = 7.0;
				ONLY_ACTIVE_ARCH = YES;
				SDKROOT = iphoneos;
			};
			name = Debug;
		};
		B275582218304AD3009FB1EC /* Release */ = {
			isa = XCBuildConfiguration;
			buildSettings = {
				ALWAYS_SEARCH_USER_PATHS = NO;
				ARCHS = "$(ARCHS_STANDARD_INCLUDING_64_BIT)";
				CLANG_CXX_LANGUAGE_STANDARD = "gnu++0x";
				CLANG_CXX_LIBRARY = "libc++";
				CLANG_ENABLE_MODULES = YES;
				CLANG_ENABLE_OBJC_ARC = YES;
				CLANG_WARN_BOOL_CONVERSION = YES;
				CLANG_WARN_CONSTANT_CONVERSION = YES;
				CLANG_WARN_DIRECT_OBJC_ISA_USAGE = YES_ERROR;
				CLANG_WARN_EMPTY_BODY = YES;
				CLANG_WARN_ENUM_CONVERSION = YES;
				CLANG_WARN_INT_CONVERSION = YES;
				CLANG_WARN_OBJC_ROOT_CLASS = YES_ERROR;
				CLANG_WARN__DUPLICATE_METHOD_MATCH = YES;
				"CODE_SIGN_IDENTITY[sdk=iphoneos*]" = "iPhone Developer";
				COPY_PHASE_STRIP = YES;
				ENABLE_NS_ASSERTIONS = NO;
				GCC_C_LANGUAGE_STANDARD = gnu99;
				GCC_WARN_64_TO_32_BIT_CONVERSION = YES;
				GCC_WARN_ABOUT_RETURN_TYPE = YES_ERROR;
				GCC_WARN_UNDECLARED_SELECTOR = YES;
				GCC_WARN_UNINITIALIZED_AUTOS = YES;
				GCC_WARN_UNUSED_FUNCTION = YES;
				GCC_WARN_UNUSED_VARIABLE = YES;
				IPHONEOS_DEPLOYMENT_TARGET = 7.0;
				SDKROOT = iphoneos;
				VALIDATE_PRODUCT = YES;
			};
			name = Release;
		};
		B275582418304AD3009FB1EC /* Debug */ = {
			isa = XCBuildConfiguration;
			buildSettings = {
				ASSETCATALOG_COMPILER_APPICON_NAME = AppIcon;
				ASSETCATALOG_COMPILER_LAUNCHIMAGE_NAME = LaunchImage;
				GCC_PRECOMPILE_PREFIX_HEADER = YES;
				GCC_PREFIX_HEADER = "OuSuisJe/OuSuisJe-Prefix.pch";
				INFOPLIST_FILE = "OuSuisJe/OuSuisJe-Info.plist";
				PRODUCT_NAME = "$(TARGET_NAME)";
				WRAPPER_EXTENSION = app;
			};
			name = Debug;
		};
		B275582518304AD3009FB1EC /* Release */ = {
			isa = XCBuildConfiguration;
			buildSettings = {
				ASSETCATALOG_COMPILER_APPICON_NAME = AppIcon;
				ASSETCATALOG_COMPILER_LAUNCHIMAGE_NAME = LaunchImage;
				GCC_PRECOMPILE_PREFIX_HEADER = YES;
				GCC_PREFIX_HEADER = "OuSuisJe/OuSuisJe-Prefix.pch";
				INFOPLIST_FILE = "OuSuisJe/OuSuisJe-Info.plist";
				PRODUCT_NAME = "$(TARGET_NAME)";
				WRAPPER_EXTENSION = app;
			};
			name = Release;
		};
		B275582718304AD3009FB1EC /* Debug */ = {
			isa = XCBuildConfiguration;
			buildSettings = {
				ARCHS = "$(ARCHS_STANDARD_INCLUDING_64_BIT)";
				BUNDLE_LOADER = "$(BUILT_PRODUCTS_DIR)/OuSuisJe.app/OuSuisJe";
				FRAMEWORK_SEARCH_PATHS = (
					"$(SDKROOT)/Developer/Library/Frameworks",
					"$(inherited)",
					"$(DEVELOPER_FRAMEWORKS_DIR)",
				);
				GCC_PRECOMPILE_PREFIX_HEADER = YES;
				GCC_PREFIX_HEADER = "OuSuisJe/OuSuisJe-Prefix.pch";
				GCC_PREPROCESSOR_DEFINITIONS = (
					"DEBUG=1",
					"$(inherited)",
				);
				INFOPLIST_FILE = "OuSuisJeTests/OuSuisJeTests-Info.plist";
				PRODUCT_NAME = "$(TARGET_NAME)";
				TEST_HOST = "$(BUNDLE_LOADER)";
				WRAPPER_EXTENSION = xctest;
			};
			name = Debug;
		};
		B275582818304AD3009FB1EC /* Release */ = {
			isa = XCBuildConfiguration;
			buildSettings = {
				ARCHS = "$(ARCHS_STANDARD_INCLUDING_64_BIT)";
				BUNDLE_LOADER = "$(BUILT_PRODUCTS_DIR)/OuSuisJe.app/OuSuisJe";
				FRAMEWORK_SEARCH_PATHS = (
					"$(SDKROOT)/Developer/Library/Frameworks",
					"$(inherited)",
					"$(DEVELOPER_FRAMEWORKS_DIR)",
				);
				GCC_PRECOMPILE_PREFIX_HEADER = YES;
				GCC_PREFIX_HEADER = "OuSuisJe/OuSuisJe-Prefix.pch";
				INFOPLIST_FILE = "OuSuisJeTests/OuSuisJeTests-Info.plist";
				PRODUCT_NAME = "$(TARGET_NAME)";
				TEST_HOST = "$(BUNDLE_LOADER)";
				WRAPPER_EXTENSION = xctest;
			};
			name = Release;
		};
/* End XCBuildConfiguration section */

/* Begin XCConfigurationList section */
		B27557EC18304AD2009FB1EC /* Build configuration list for PBXProject "OuSuisJe" */ = {
			isa = XCConfigurationList;
			buildConfigurations = (
				B275582118304AD3009FB1EC /* Debug */,
				B275582218304AD3009FB1EC /* Release */,
			);
			defaultConfigurationIsVisible = 0;
			defaultConfigurationName = Release;
		};
		B275582318304AD3009FB1EC /* Build configuration list for PBXNativeTarget "OuSuisJe" */ = {
			isa = XCConfigurationList;
			buildConfigurations = (
				B275582418304AD3009FB1EC /* Debug */,
				B275582518304AD3009FB1EC /* Release */,
			);
			defaultConfigurationIsVisible = 0;
		};
		B275582618304AD3009FB1EC /* Build configuration list for PBXNativeTarget "OuSuisJeTests" */ = {
			isa = XCConfigurationList;
			buildConfigurations = (
				B275582718304AD3009FB1EC /* Debug */,
				B275582818304AD3009FB1EC /* Release */,
			);
			defaultConfigurationIsVisible = 0;
		};
/* End XCConfigurationList section */
	};
	rootObject = B27557E918304AD2009FB1EC /* Project object */;
}
